
Microsoft Visual Studio Solution File, Format Version 12.00
# Visual Studio Version 17
VisualStudioVersion = 17.9.34728.123
MinimumVisualStudioVersion = 10.0.40219.1
Project("{FAE04EC0-301F-11D3-BF4B-00C04F79EFBC}") = "DSA", "DSA\DSA.csproj", "{74C4ED6D-D7F2-47F1-A0C3-A772DF3F4EFF}"
EndProject
Global
	GlobalSection(SolutionConfigurationPlatforms) = preSolution
		Debug|Any CPU = Debug|Any CPU
		Release|Any CPU = Release|Any CPU
	EndGlobalSection
	GlobalSection(ProjectConfigurationPlatforms) = postSolution
		{74C4ED6D-D7F2-47F1-A0C3-A772DF3F4EFF}.Debug|Any CPU.ActiveCfg = Debug|Any CPU
		{74C4ED6D-D7F2-47F1-A0C3-A772DF3F4EFF}.Debug|Any CPU.Build.0 = Debug|Any CPU
		{74C4ED6D-D7F2-47F1-A0C3-A772DF3F4EFF}.Release|Any CPU.ActiveCfg = Release|Any CPU
		{74C4ED6D-D7F2-47F1-A0C3-A772DF3F4EFF}.Release|Any CPU.Build.0 = Release|Any CPU
	EndGlobalSection
	GlobalSection(SolutionProperties) = preSolution
		HideSolutionNode = FALSE
	EndGlobalSection
	GlobalSection(ExtensibilityGlobals) = postSolution
		SolutionGuid = {1259A0BC-8FD3-4E18-9522-AA24B4A03E32}
	EndGlobalSection
EndGlobal
